<?xml version="1.0" encoding="utf-8"?>
<Project ToolsVersion="4.0" xmlns="http://schemas.microsoft.com/developer/msbuild/2003">
  <ItemGroup>
    <Filter Include="Source Files">
      <UniqueIdentifier>{4FC737F1-C7A5-4376-A066-2A32D752A2FF}</UniqueIdentifier>
      <Extensions>cpp;c;cc;cxx;def;odl;idl;hpj;bat;asm;asmx</Extensions>
    </Filter>
    <Filter Include="Header Files">
      <UniqueIdentifier>{93995380-89BD-4b04-88EB-625FBE52EBFB}</UniqueIdentifier>
      <Extensions>h;hh;hpp;hxx;hm;inl;inc;xsd</Extensions>
    </Filter>
    <Filter Include="Resource Files">
      <UniqueIdentifier>{67DA6AB6-F800-4c08-8B7A-83BB121AAD01}</UniqueIdentifier>
      <Extensions>rc;ico;cur;bmp;dlg;rc2;rct;bin;rgs;gif;jpg;jpeg;jpe;resx;tiff;tif;png;wav;mfcribbon-ms</Extensions>
    </Filter>
    <Filter Include="Header Files\Components">
      <UniqueIdentifier>{70ea8cbb-3965-40b3-8293-c586ce51e7a1}</UniqueIdentifier>
    </Filter>
    <Filter Include="Header Files\Render">
      <UniqueIdentifier>{458d828c-8993-4ba6-9403-e98f7f8b6a10}</UniqueIdentifier>
    </Filter>
    <Filter Include="Source Files\Components">
      <UniqueIdentifier>{797e69ad-037c-4a8a-8a4f-c11f741ec09d}</UniqueIdentifier>
    </Filter>
    <Filter Include="Source Files\Render">
      <UniqueIdentifier>{1d918ef0-61fd-4843-a673-9503fa9a6ae3}</UniqueIdentifier>
    </Filter>
    <Filter Include="Source Files\Render\Vulkan">
      <UniqueIdentifier>{ede568e8-895c-464a-b136-822b2bc0aca0}</UniqueIdentifier>
    </Filter>
    <Filter Include="Header Files\Render\Vulkan">
      <UniqueIdentifier>{7a77f0eb-deec-4426-b939-844295bcc040}</UniqueIdentifier>
    </Filter>
    <Filter Include="Header Files\Math">
      <UniqueIdentifier>{acc49682-8185-488a-8d67-b515e7320878}</UniqueIdentifier>
    </Filter>
    <Filter Include="Source Files\Math">
      <UniqueIdentifier>{56c1de09-7f1f-414a-9175-7532b5f803a0}</UniqueIdentifier>
    </Filter>
  </ItemGroup>
  <ItemGroup>
    <ClCompile Include="src\main.cpp">
      <Filter>Source Files</Filter>
    </ClCompile>
    <ClCompile Include="src\Util.cpp">
      <Filter>Source Files</Filter>
    </ClCompile>
    <ClCompile Include="src\MeshRenderer.cpp">
      <Filter>Source Files\Components</Filter>
    </ClCompile>
    <ClCompile Include="src\Transform.cpp">
      <Filter>Source Files\Components</Filter>
    </ClCompile>
    <ClCompile Include="src\GameObject.cpp">
      <Filter>Source Files\Components</Filter>
    </ClCompile>
    <ClCompile Include="src\Scene.cpp">
      <Filter>Source Files\Render</Filter>
    </ClCompile>
    <ClCompile Include="src\Mesh.cpp">
      <Filter>Source Files\Render</Filter>
    </ClCompile>
    <ClCompile Include="src\Vertex.cpp">
      <Filter>Source Files\Render</Filter>
    </ClCompile>
    <ClCompile Include="src\Material.cpp">
      <Filter>Source Files\Render</Filter>
    </ClCompile>
    <ClCompile Include="src\Camera.cpp">
      <Filter>Source Files\Components</Filter>
    </ClCompile>
    <ClCompile Include="src\stdafx.cpp">
      <Filter>Source Files</Filter>
    </ClCompile>
    <ClCompile Include="src\KaiMath.cpp">
      <Filter>Source Files\Math</Filter>
    </ClCompile>
    <ClCompile Include="src\VulkanUtil.cpp">
      <Filter>Source Files\Render\Vulkan</Filter>
    </ClCompile>
    <ClCompile Include="src\VulkanTypes.cpp">
      <Filter>Source Files\Render\Vulkan</Filter>
    </ClCompile>
    <ClCompile Include="src\ObjFileLoader.cpp">
      <Filter>Source Files\Render</Filter>
    </ClCompile>
    <ClCompile Include="src\VulkanDrawable.cpp">
      <Filter>Source Files\Render\Vulkan</Filter>
    </ClCompile>
    <ClCompile Include="src\SubMesh.cpp">
      <Filter>Source Files\Render</Filter>
    </ClCompile>
    <ClCompile Include="src\VulkanPipeline.cpp">
      <Filter>Source Files\Render\Vulkan</Filter>
    </ClCompile>
    <ClCompile Include="src\VulkanShader.cpp">
      <Filter>Source Files\Render\Vulkan</Filter>
    </ClCompile>
    <ClCompile Include="src\VulkanTexture.cpp">
      <Filter>Source Files\Render\Vulkan</Filter>
    </ClCompile>
    <ClCompile Include="src\PointLight.cpp">
      <Filter>Source Files\Components</Filter>
    </ClCompile>
    <ClCompile Include="src\VulkanVertexBuffer.cpp">
      <Filter>Source Files\Render\Vulkan</Filter>
    </ClCompile>
    <ClCompile Include="src\VulkanRenderSystem.cpp">
      <Filter>Source Files\Render\Vulkan</Filter>
    </ClCompile>
    <ClCompile Include="src\VulkanBuffer.cpp">
      <Filter>Source Files\Render\Vulkan</Filter>
    </ClCompile>
  </ItemGroup>
  <ItemGroup>
    <ClInclude Include="src\Util.h">
      <Filter>Header Files</Filter>
    </ClInclude>
    <ClInclude Include="src\Vertex.h">
      <Filter>Header Files</Filter>
    </ClInclude>
    <ClInclude Include="src\Scene.h">
      <Filter>Header Files</Filter>
    </ClInclude>
    <ClInclude Include="src\Component.h">
      <Filter>Header Files\Components</Filter>
    </ClInclude>
    <ClInclude Include="src\GameObject.h">
      <Filter>Header Files\Components</Filter>
    </ClInclude>
    <ClInclude Include="src\MeshRenderer.h">
      <Filter>Header Files\Components</Filter>
    </ClInclude>
    <ClInclude Include="src\Transform.h">
      <Filter>Header Files\Components</Filter>
    </ClInclude>
    <ClInclude Include="src\Material.h">
      <Filter>Header Files\Render</Filter>
    </ClInclude>
    <ClInclude Include="src\Mesh.h">
      <Filter>Header Files\Render</Filter>
    </ClInclude>
    <ClInclude Include="src\Camera.h">
      <Filter>Header Files\Components</Filter>
    </ClInclude>
    <ClInclude Include="src\PointLight.h">
      <Filter>Header Files\Components</Filter>
    </ClInclude>
    <ClInclude Include="src\SpotLight.h">
      <Filter>Header Files\Components</Filter>
    </ClInclude>
    <ClInclude Include="src\DirectionalLight.h">
      <Filter>Header Files\Components</Filter>
    </ClInclude>
    <ClInclude Include="src\stdafx.h">
      <Filter>Header Files</Filter>
    </ClInclude>
    <ClInclude Include="src\KaiMath.h">
      <Filter>Header Files\Math</Filter>
    </ClInclude>
    <ClInclude Include="src\VulkanUtil.h">
      <Filter>Header Files\Render\Vulkan</Filter>
    </ClInclude>
    <ClInclude Include="src\VkCom.h">
      <Filter>Header Files\Render\Vulkan</Filter>
    </ClInclude>
    <ClInclude Include="src\VulkanTypes.h">
      <Filter>Header Files\Render\Vulkan</Filter>
    </ClInclude>
    <ClInclude Include="src\MeshOptimizer.h">
      <Filter>Header Files\Render</Filter>
    </ClInclude>
    <ClInclude Include="src\ObjFileLoader.h">
      <Filter>Header Files\Render</Filter>
    </ClInclude>
    <ClInclude Include="src\SubMesh.h">
      <Filter>Header Files\Render</Filter>
    </ClInclude>
    <ClInclude Include="src\VulkanDrawable.h">
      <Filter>Header Files\Render\Vulkan</Filter>
    </ClInclude>
    <ClInclude Include="src\VulkanPipeline.h">
      <Filter>Header Files\Render\Vulkan</Filter>
    </ClInclude>
    <ClInclude Include="src\VulkanShader.h">
      <Filter>Header Files\Render\Vulkan</Filter>
    </ClInclude>
    <ClInclude Include="src\VulkanTexture.h">
      <Filter>Header Files\Render\Vulkan</Filter>
    </ClInclude>
    <ClInclude Include="src\VulkanVertexBuffer.h">
      <Filter>Header Files\Render\Vulkan</Filter>
    </ClInclude>
    <ClInclude Include="src\GfxTypes.h">
      <Filter>Header Files\Render</Filter>
    </ClInclude>
    <ClInclude Include="src\VulkanRenderSystem.h">
      <Filter>Header Files\Render\Vulkan</Filter>
    </ClInclude>
    <ClInclude Include="src\VulkanBuffer.h">
      <Filter>Header Files\Render\Vulkan</Filter>
    </ClInclude>
  </ItemGroup>
</Project>